
Microsoft Visual Studio Solution File, Format Version 12.00
# Visual Studio Version 16
VisualStudioVersion = 16.0.29009.5
MinimumVisualStudioVersion = 10.0.40219.1
Project("{9A19103F-16F7-4668-BE54-9A1E7A4F7556}") = "EventSourcingOnAzureFunctions.Common", "EventSourcingOnAzureFunctions.Common\EventSourcingOnAzureFunctions.Common.csproj", "{76E78032-C0B2-4B3F-B02E-6DBC632A3E2F}"
EndProject
Project("{9A19103F-16F7-4668-BE54-9A1E7A4F7556}") = "EventSourcingOnAzureFunctions.Test", "EventSourcingOnAzureFunctions.Test\EventSourcingOnAzureFunctions.Test.csproj", "{82BC910A-E35D-4011-8D5F-79AB27A32C41}"
EndProject
Project("{9A19103F-16F7-4668-BE54-9A1E7A4F7556}") = "RetailBank.AzureFunctionApp", "..\examples\bank-account\RetailBank.AzureFunctionApp\RetailBank.AzureFunctionApp.csproj", "{1677A237-055A-4B84-9CEC-56D4F0775A0D}"
EndProject
Project("{9A19103F-16F7-4668-BE54-9A1E7A4F7556}") = "BankBranch.AzureFunctionApp", "..\examples\bank-account\BankBranch,AzureFunctionApp\BankBranch.AzureFunctionApp.csproj", "{439D3E4A-A596-4313-8739-3DBFACDB8766}"
EndProject
Project("{9A19103F-16F7-4668-BE54-9A1E7A4F7556}") = "BankingProduct.AzureFunctionApp", "..\examples\bank-account\BankingProduct.AzureFunctionApp\BankingProduct.AzureFunctionApp.csproj", "{D1740ED2-DC7C-4258-90E7-7B7A473D1EBB}"
EndProject
Global
	GlobalSection(SolutionConfigurationPlatforms) = preSolution
		Debug|Any CPU = Debug|Any CPU
		Release|Any CPU = Release|Any CPU
	EndGlobalSection
	GlobalSection(ProjectConfigurationPlatforms) = postSolution
		{76E78032-C0B2-4B3F-B02E-6DBC632A3E2F}.Debug|Any CPU.ActiveCfg = Debug|Any CPU
		{76E78032-C0B2-4B3F-B02E-6DBC632A3E2F}.Debug|Any CPU.Build.0 = Debug|Any CPU
		{76E78032-C0B2-4B3F-B02E-6DBC632A3E2F}.Release|Any CPU.ActiveCfg = Release|Any CPU
		{76E78032-C0B2-4B3F-B02E-6DBC632A3E2F}.Release|Any CPU.Build.0 = Release|Any CPU
		{82BC910A-E35D-4011-8D5F-79AB27A32C41}.Debug|Any CPU.ActiveCfg = Debug|Any CPU
		{82BC910A-E35D-4011-8D5F-79AB27A32C41}.Debug|Any CPU.Build.0 = Debug|Any CPU
		{82BC910A-E35D-4011-8D5F-79AB27A32C41}.Release|Any CPU.ActiveCfg = Release|Any CPU
		{82BC910A-E35D-4011-8D5F-79AB27A32C41}.Release|Any CPU.Build.0 = Release|Any CPU
		{1677A237-055A-4B84-9CEC-56D4F0775A0D}.Debug|Any CPU.ActiveCfg = Debug|Any CPU
		{1677A237-055A-4B84-9CEC-56D4F0775A0D}.Debug|Any CPU.Build.0 = Debug|Any CPU
		{1677A237-055A-4B84-9CEC-56D4F0775A0D}.Release|Any CPU.ActiveCfg = Release|Any CPU
		{1677A237-055A-4B84-9CEC-56D4F0775A0D}.Release|Any CPU.Build.0 = Release|Any CPU
		{439D3E4A-A596-4313-8739-3DBFACDB8766}.Debug|Any CPU.ActiveCfg = Debug|Any CPU
		{439D3E4A-A596-4313-8739-3DBFACDB8766}.Debug|Any CPU.Build.0 = Debug|Any CPU
		{439D3E4A-A596-4313-8739-3DBFACDB8766}.Release|Any CPU.ActiveCfg = Release|Any CPU
		{439D3E4A-A596-4313-8739-3DBFACDB8766}.Release|Any CPU.Build.0 = Release|Any CPU
		{D1740ED2-DC7C-4258-90E7-7B7A473D1EBB}.Debug|Any CPU.ActiveCfg = Debug|Any CPU
		{D1740ED2-DC7C-4258-90E7-7B7A473D1EBB}.Debug|Any CPU.Build.0 = Debug|Any CPU
		{D1740ED2-DC7C-4258-90E7-7B7A473D1EBB}.Release|Any CPU.ActiveCfg = Release|Any CPU
		{D1740ED2-DC7C-4258-90E7-7B7A473D1EBB}.Release|Any CPU.Build.0 = Release|Any CPU
	EndGlobalSection
	GlobalSection(SolutionProperties) = preSolution
		HideSolutionNode = FALSE
	EndGlobalSection
	GlobalSection(ExtensibilityGlobals) = postSolution
		SolutionGuid = {6FF2FCC6-BEEE-4509-8BCF-96289F8784D3}
	EndGlobalSection
EndGlobal
